# This is a Gradle generated file for dependency locking.
# Manual edits can break the build and are not advised.
# This file is expected to be part of source control.
cloth-config:ClothConfig:0.2.1.14
com.google.jimfs:jimfs:1.1
io.github.prospector.modmenu:ModMenu:1.5.4-85
net.fabricmc.fabric-api:fabric-api-base:0.1.0+59147463
net.fabricmc.fabric-api:fabric-resource-loader-v0:0.1.1+59147463
net.fabricmc:fabric-loader-sat4j:2.3.5.4
net.fabricmc:fabric-loader:0.4.7+build.147
net.fabricmc:sponge-mixin:0.7.11.20
net.fabricmc:tiny-mappings-parser:0.1.1.8
net.fabricmc:tiny-remapper:0.1.0.33
org.ow2.asm:asm-analysis:7.1
org.ow2.asm:asm-commons:7.1
org.ow2.asm:asm-tree:7.1
org.ow2.asm:asm-util:7.1
org.ow2.asm:asm:7.1
